
Microsoft Visual Studio Solution File, Format Version 12.00
# Visual Studio 15
VisualStudioVersion = 15.0.26403.7
MinimumVisualStudioVersion = 10.0.40219.1
Project("{FAE04EC0-301F-11D3-BF4B-00C04F79EFBC}") = "EFCoreSQLITEProject", "EFCoreSQLITEProject\EFCoreSQLITEProject.csproj", "{E97591A1-99C2-4197-B4C7-1B5FB8448566}"
EndProject
Global
	GlobalSection(SolutionConfigurationPlatforms) = preSolution
		Debug|ARM = Debug|ARM
		Debug|x64 = Debug|x64
		Debug|x86 = Debug|x86
		Release|ARM = Release|ARM
		Release|x64 = Release|x64
		Release|x86 = Release|x86
	EndGlobalSection
	GlobalSection(ProjectConfigurationPlatforms) = postSolution
		{E97591A1-99C2-4197-B4C7-1B5FB8448566}.Debug|ARM.ActiveCfg = Debug|ARM
		{E97591A1-99C2-4197-B4C7-1B5FB8448566}.Debug|ARM.Build.0 = Debug|ARM
		{E97591A1-99C2-4197-B4C7-1B5FB8448566}.Debug|ARM.Deploy.0 = Debug|ARM
		{E97591A1-99C2-4197-B4C7-1B5FB8448566}.Debug|x64.ActiveCfg = Debug|x64
		{E97591A1-99C2-4197-B4C7-1B5FB8448566}.Debug|x64.Build.0 = Debug|x64
		{E97591A1-99C2-4197-B4C7-1B5FB8448566}.Debug|x64.Deploy.0 = Debug|x64
		{E97591A1-99C2-4197-B4C7-1B5FB8448566}.Debug|x86.ActiveCfg = Debug|x86
		{E97591A1-99C2-4197-B4C7-1B5FB8448566}.Debug|x86.Build.0 = Debug|x86
		{E97591A1-99C2-4197-B4C7-1B5FB8448566}.Debug|x86.Deploy.0 = Debug|x86
		{E97591A1-99C2-4197-B4C7-1B5FB8448566}.Release|ARM.ActiveCfg = Release|ARM
		{E97591A1-99C2-4197-B4C7-1B5FB8448566}.Release|ARM.Build.0 = Release|ARM
		{E97591A1-99C2-4197-B4C7-1B5FB8448566}.Release|ARM.Deploy.0 = Release|ARM
		{E97591A1-99C2-4197-B4C7-1B5FB8448566}.Release|x64.ActiveCfg = Release|x64
		{E97591A1-99C2-4197-B4C7-1B5FB8448566}.Release|x64.Build.0 = Release|x64
		{E97591A1-99C2-4197-B4C7-1B5FB8448566}.Release|x64.Deploy.0 = Release|x64
		{E97591A1-99C2-4197-B4C7-1B5FB8448566}.Release|x86.ActiveCfg = Release|x86
		{E97591A1-99C2-4197-B4C7-1B5FB8448566}.Release|x86.Build.0 = Release|x86
		{E97591A1-99C2-4197-B4C7-1B5FB8448566}.Release|x86.Deploy.0 = Release|x86
	EndGlobalSection
	GlobalSection(SolutionProperties) = preSolution
		HideSolutionNode = FALSE
	EndGlobalSection
EndGlobal
